
Microsoft Visual Studio Solution File, Format Version 12.00
# Visual Studio Version 16
VisualStudioVersion = 16.0.30717.126
MinimumVisualStudioVersion = 10.0.40219.1
Project("{9A19103F-16F7-4668-BE54-9A1E7A4F7556}") = "VogCodeChallenge.API", "VogCodeChallenge.API\VogCodeChallenge.API.csproj", "{10E51AD4-8B97-4EB1-9716-2A6D7077BAD8}"
EndProject
Project("{9A19103F-16F7-4668-BE54-9A1E7A4F7556}") = "VogCodeChallenge.BLL", "VogCodeChallenge.BLL\VogCodeChallenge.BLL.csproj", "{814C6105-B0F9-4757-AF4E-A26FCEA5EAEE}"
EndProject
Project("{9A19103F-16F7-4668-BE54-9A1E7A4F7556}") = "VogCodeChallenge.Tests", "VogCodeChallenge.Tests\VogCodeChallenge.Tests.csproj", "{C3058732-5101-4A62-BB64-DBE1D7D128C6}"
EndProject
Project("{9A19103F-16F7-4668-BE54-9A1E7A4F7556}") = "VogCodeChallengeTask7", "VogCodeChallengeTask7\VogCodeChallengeTask7.csproj", "{3C8B7459-7D17-4E59-95BE-0C45C2BA327B}"
EndProject
Project("{9A19103F-16F7-4668-BE54-9A1E7A4F7556}") = "VogCodeChallengeTask8", "VogCodeChallengeTask8\VogCodeChallengeTask8.csproj", "{A41F38D5-71C4-49CA-990E-C8C1ABBC20DA}"
EndProject
Project("{E53339B2-1760-4266-BCC7-CA923CBCF16C}") = "docker-compose", "docker-compose.dcproj", "{773B71F2-4F89-4782-813D-DFA210C1CA64}"
EndProject
Global
	GlobalSection(SolutionConfigurationPlatforms) = preSolution
		Debug|Any CPU = Debug|Any CPU
		Release|Any CPU = Release|Any CPU
	EndGlobalSection
	GlobalSection(ProjectConfigurationPlatforms) = postSolution
		{10E51AD4-8B97-4EB1-9716-2A6D7077BAD8}.Debug|Any CPU.ActiveCfg = Debug|Any CPU
		{10E51AD4-8B97-4EB1-9716-2A6D7077BAD8}.Debug|Any CPU.Build.0 = Debug|Any CPU
		{10E51AD4-8B97-4EB1-9716-2A6D7077BAD8}.Release|Any CPU.ActiveCfg = Release|Any CPU
		{10E51AD4-8B97-4EB1-9716-2A6D7077BAD8}.Release|Any CPU.Build.0 = Release|Any CPU
		{814C6105-B0F9-4757-AF4E-A26FCEA5EAEE}.Debug|Any CPU.ActiveCfg = Debug|Any CPU
		{814C6105-B0F9-4757-AF4E-A26FCEA5EAEE}.Debug|Any CPU.Build.0 = Debug|Any CPU
		{814C6105-B0F9-4757-AF4E-A26FCEA5EAEE}.Release|Any CPU.ActiveCfg = Release|Any CPU
		{814C6105-B0F9-4757-AF4E-A26FCEA5EAEE}.Release|Any CPU.Build.0 = Release|Any CPU
		{C3058732-5101-4A62-BB64-DBE1D7D128C6}.Debug|Any CPU.ActiveCfg = Debug|Any CPU
		{C3058732-5101-4A62-BB64-DBE1D7D128C6}.Debug|Any CPU.Build.0 = Debug|Any CPU
		{C3058732-5101-4A62-BB64-DBE1D7D128C6}.Release|Any CPU.ActiveCfg = Release|Any CPU
		{C3058732-5101-4A62-BB64-DBE1D7D128C6}.Release|Any CPU.Build.0 = Release|Any CPU
		{3C8B7459-7D17-4E59-95BE-0C45C2BA327B}.Debug|Any CPU.ActiveCfg = Debug|Any CPU
		{3C8B7459-7D17-4E59-95BE-0C45C2BA327B}.Debug|Any CPU.Build.0 = Debug|Any CPU
		{3C8B7459-7D17-4E59-95BE-0C45C2BA327B}.Release|Any CPU.ActiveCfg = Release|Any CPU
		{3C8B7459-7D17-4E59-95BE-0C45C2BA327B}.Release|Any CPU.Build.0 = Release|Any CPU
		{A41F38D5-71C4-49CA-990E-C8C1ABBC20DA}.Debug|Any CPU.ActiveCfg = Debug|Any CPU
		{A41F38D5-71C4-49CA-990E-C8C1ABBC20DA}.Debug|Any CPU.Build.0 = Debug|Any CPU
		{A41F38D5-71C4-49CA-990E-C8C1ABBC20DA}.Release|Any CPU.ActiveCfg = Release|Any CPU
		{A41F38D5-71C4-49CA-990E-C8C1ABBC20DA}.Release|Any CPU.Build.0 = Release|Any CPU
		{773B71F2-4F89-4782-813D-DFA210C1CA64}.Debug|Any CPU.ActiveCfg = Debug|Any CPU
		{773B71F2-4F89-4782-813D-DFA210C1CA64}.Debug|Any CPU.Build.0 = Debug|Any CPU
		{773B71F2-4F89-4782-813D-DFA210C1CA64}.Release|Any CPU.ActiveCfg = Release|Any CPU
		{773B71F2-4F89-4782-813D-DFA210C1CA64}.Release|Any CPU.Build.0 = Release|Any CPU
	EndGlobalSection
	GlobalSection(SolutionProperties) = preSolution
		HideSolutionNode = FALSE
	EndGlobalSection
	GlobalSection(ExtensibilityGlobals) = postSolution
		SolutionGuid = {9F177A08-763A-4AAF-A8D6-7E29025AD482}
	EndGlobalSection
EndGlobal
